
Microsoft Visual Studio Solution File, Format Version 12.00
# Visual Studio Version 16
VisualStudioVersion = 16.0.30413.136
MinimumVisualStudioVersion = 10.0.40219.1
Project("{FAE04EC0-301F-11D3-BF4B-00C04F79EFBC}") = "Space_Radiation", "Space_Radiation\Space_Radiation.csproj", "{CDD55EA2-DDA4-4A1D-8792-7F799687684A}"
EndProject
Global
	GlobalSection(SolutionConfigurationPlatforms) = preSolution
		Debug|Any CPU = Debug|Any CPU
		Release|Any CPU = Release|Any CPU
	EndGlobalSection
	GlobalSection(ProjectConfigurationPlatforms) = postSolution
		{CDD55EA2-DDA4-4A1D-8792-7F799687684A}.Debug|Any CPU.ActiveCfg = Debug|Any CPU
		{CDD55EA2-DDA4-4A1D-8792-7F799687684A}.Debug|Any CPU.Build.0 = Debug|Any CPU
		{CDD55EA2-DDA4-4A1D-8792-7F799687684A}.Release|Any CPU.ActiveCfg = Release|Any CPU
		{CDD55EA2-DDA4-4A1D-8792-7F799687684A}.Release|Any CPU.Build.0 = Release|Any CPU
	EndGlobalSection
	GlobalSection(SolutionProperties) = preSolution
		HideSolutionNode = FALSE
	EndGlobalSection
	GlobalSection(ExtensibilityGlobals) = postSolution
		SolutionGuid = {D39F99B3-009E-4977-B88B-1F2424B51FCD}
	EndGlobalSection
EndGlobal
